
Microsoft Visual Studio Solution File, Format Version 12.00
# Visual Studio 15
VisualStudioVersion = 15.0.27004.2006
MinimumVisualStudioVersion = 10.0.40219.1
Project("{FAE04EC0-301F-11D3-BF4B-00C04F79EFBC}") = "01", "01\01.csproj", "{28F6E765-04E0-4402-8C7E-095AE33BF99A}"
EndProject
Project("{FAE04EC0-301F-11D3-BF4B-00C04F79EFBC}") = "02", "02\02.csproj", "{C60C5156-C9B8-4EBF-AAA4-1E96C2B8E97D}"
EndProject
Project("{FAE04EC0-301F-11D3-BF4B-00C04F79EFBC}") = "03", "03\03.csproj", "{51B0081C-BE0D-4C0F-8CE5-48A3C1564802}"
EndProject
Project("{FAE04EC0-301F-11D3-BF4B-00C04F79EFBC}") = "04", "04\04.csproj", "{9C84369A-6658-4122-9D74-23C6C87061C7}"
EndProject
Project("{FAE04EC0-301F-11D3-BF4B-00C04F79EFBC}") = "05", "05\05.csproj", "{C426C553-E215-4AE7-AFD6-5E38F74CC6DE}"
EndProject
Project("{FAE04EC0-301F-11D3-BF4B-00C04F79EFBC}") = "06", "06\06.csproj", "{AF8BE559-FE3D-4567-BBF7-B9AD36AC9275}"
EndProject
Global
	GlobalSection(SolutionConfigurationPlatforms) = preSolution
		Debug|Any CPU = Debug|Any CPU
		Release|Any CPU = Release|Any CPU
	EndGlobalSection
	GlobalSection(ProjectConfigurationPlatforms) = postSolution
		{28F6E765-04E0-4402-8C7E-095AE33BF99A}.Debug|Any CPU.ActiveCfg = Debug|Any CPU
		{28F6E765-04E0-4402-8C7E-095AE33BF99A}.Debug|Any CPU.Build.0 = Debug|Any CPU
		{28F6E765-04E0-4402-8C7E-095AE33BF99A}.Release|Any CPU.ActiveCfg = Release|Any CPU
		{28F6E765-04E0-4402-8C7E-095AE33BF99A}.Release|Any CPU.Build.0 = Release|Any CPU
		{C60C5156-C9B8-4EBF-AAA4-1E96C2B8E97D}.Debug|Any CPU.ActiveCfg = Debug|Any CPU
		{C60C5156-C9B8-4EBF-AAA4-1E96C2B8E97D}.Debug|Any CPU.Build.0 = Debug|Any CPU
		{C60C5156-C9B8-4EBF-AAA4-1E96C2B8E97D}.Release|Any CPU.ActiveCfg = Release|Any CPU
		{C60C5156-C9B8-4EBF-AAA4-1E96C2B8E97D}.Release|Any CPU.Build.0 = Release|Any CPU
		{51B0081C-BE0D-4C0F-8CE5-48A3C1564802}.Debug|Any CPU.ActiveCfg = Debug|Any CPU
		{51B0081C-BE0D-4C0F-8CE5-48A3C1564802}.Debug|Any CPU.Build.0 = Debug|Any CPU
		{51B0081C-BE0D-4C0F-8CE5-48A3C1564802}.Release|Any CPU.ActiveCfg = Release|Any CPU
		{51B0081C-BE0D-4C0F-8CE5-48A3C1564802}.Release|Any CPU.Build.0 = Release|Any CPU
		{9C84369A-6658-4122-9D74-23C6C87061C7}.Debug|Any CPU.ActiveCfg = Debug|Any CPU
		{9C84369A-6658-4122-9D74-23C6C87061C7}.Debug|Any CPU.Build.0 = Debug|Any CPU
		{9C84369A-6658-4122-9D74-23C6C87061C7}.Release|Any CPU.ActiveCfg = Release|Any CPU
		{9C84369A-6658-4122-9D74-23C6C87061C7}.Release|Any CPU.Build.0 = Release|Any CPU
		{C426C553-E215-4AE7-AFD6-5E38F74CC6DE}.Debug|Any CPU.ActiveCfg = Debug|Any CPU
		{C426C553-E215-4AE7-AFD6-5E38F74CC6DE}.Debug|Any CPU.Build.0 = Debug|Any CPU
		{C426C553-E215-4AE7-AFD6-5E38F74CC6DE}.Release|Any CPU.ActiveCfg = Release|Any CPU
		{C426C553-E215-4AE7-AFD6-5E38F74CC6DE}.Release|Any CPU.Build.0 = Release|Any CPU
		{AF8BE559-FE3D-4567-BBF7-B9AD36AC9275}.Debug|Any CPU.ActiveCfg = Debug|Any CPU
		{AF8BE559-FE3D-4567-BBF7-B9AD36AC9275}.Debug|Any CPU.Build.0 = Debug|Any CPU
		{AF8BE559-FE3D-4567-BBF7-B9AD36AC9275}.Release|Any CPU.ActiveCfg = Release|Any CPU
		{AF8BE559-FE3D-4567-BBF7-B9AD36AC9275}.Release|Any CPU.Build.0 = Release|Any CPU
	EndGlobalSection
	GlobalSection(SolutionProperties) = preSolution
		HideSolutionNode = FALSE
	EndGlobalSection
	GlobalSection(ExtensibilityGlobals) = postSolution
		SolutionGuid = {F57A2DA4-4173-435D-A6A1-E140D91975F1}
	EndGlobalSection
EndGlobal
