
Microsoft Visual Studio Solution File, Format Version 12.00
# Visual Studio 15
VisualStudioVersion = 15.0.27004.2006
MinimumVisualStudioVersion = 10.0.40219.1
Project("{FAE04EC0-301F-11D3-BF4B-00C04F79EFBC}") = "Exams1", "Exams1\Exams1.csproj", "{8B3F74B4-6B45-4455-AAE2-B377217A9692}"
EndProject
Project("{FAE04EC0-301F-11D3-BF4B-00C04F79EFBC}") = "GrapeAndRakia", "GrapeAndRakia\GrapeAndRakia.csproj", "{801E7EDB-36A9-42A5-B334-FF6FD22D288F}"
EndProject
Project("{FAE04EC0-301F-11D3-BF4B-00C04F79EFBC}") = "HousePainting", "HousePainting\HousePainting.csproj", "{D79A4A2F-6613-40F3-8285-BD2558E107E7}"
EndProject
Project("{FAE04EC0-301F-11D3-BF4B-00C04F79EFBC}") = "DogHouse", "DogHouse\DogHouse.csproj", "{D5DCDC42-04C3-46EB-A699-D194EE2C1B2C}"
EndProject
Project("{FAE04EC0-301F-11D3-BF4B-00C04F79EFBC}") = "Distance", "Distance\Distance.csproj", "{C213854D-D9C0-40FE-A0A9-686F9CA13963}"
EndProject
Project("{FAE04EC0-301F-11D3-BF4B-00C04F79EFBC}") = "HousePrice", "HousePrice\HousePrice.csproj", "{E11DD7DA-28ED-4F1F-A0E1-391449A9D09D}"
EndProject
Project("{FAE04EC0-301F-11D3-BF4B-00C04F79EFBC}") = "Fishland", "Fishland\Fishland.csproj", "{92D128BF-A886-4F0E-8E6F-DA1947ABC79C}"
EndProject
Project("{FAE04EC0-301F-11D3-BF4B-00C04F79EFBC}") = "Profit", "Profit\Profit.csproj", "{0AF1B882-AC7B-430F-B7FB-79C040DCB897}"
EndProject
Project("{FAE04EC0-301F-11D3-BF4B-00C04F79EFBC}") = "Money", "Money\Money.csproj", "{5E5A9881-096C-4DB3-87CF-42C7C328A1A1}"
EndProject
Project("{FAE04EC0-301F-11D3-BF4B-00C04F79EFBC}") = "TilesRepair", "TilesRepair\TilesRepair.csproj", "{C89D1323-D93C-4D20-8095-36F553F08D80}"
EndProject
Project("{FAE04EC0-301F-11D3-BF4B-00C04F79EFBC}") = "VegetablesMarket", "VegetablesMarket\VegetablesMarket.csproj", "{F9D65A68-C7C3-48F7-BDF5-9BBE526B238E}"
EndProject
Project("{FAE04EC0-301F-11D3-BF4B-00C04F79EFBC}") = "TrainingLab", "TrainingLab\TrainingLab.csproj", "{3529F5C7-AF0F-4287-A0B7-3D07098C9253}"
EndProject
Project("{FAE04EC0-301F-11D3-BF4B-00C04F79EFBC}") = "Wire-Net", "Wire-Net\Wire-Net.csproj", "{972A56D6-0588-403F-947E-DF304FDB3685}"
EndProject
Global
	GlobalSection(SolutionConfigurationPlatforms) = preSolution
		Debug|Any CPU = Debug|Any CPU
		Release|Any CPU = Release|Any CPU
	EndGlobalSection
	GlobalSection(ProjectConfigurationPlatforms) = postSolution
		{8B3F74B4-6B45-4455-AAE2-B377217A9692}.Debug|Any CPU.ActiveCfg = Debug|Any CPU
		{8B3F74B4-6B45-4455-AAE2-B377217A9692}.Debug|Any CPU.Build.0 = Debug|Any CPU
		{8B3F74B4-6B45-4455-AAE2-B377217A9692}.Release|Any CPU.ActiveCfg = Release|Any CPU
		{8B3F74B4-6B45-4455-AAE2-B377217A9692}.Release|Any CPU.Build.0 = Release|Any CPU
		{801E7EDB-36A9-42A5-B334-FF6FD22D288F}.Debug|Any CPU.ActiveCfg = Debug|Any CPU
		{801E7EDB-36A9-42A5-B334-FF6FD22D288F}.Debug|Any CPU.Build.0 = Debug|Any CPU
		{801E7EDB-36A9-42A5-B334-FF6FD22D288F}.Release|Any CPU.ActiveCfg = Release|Any CPU
		{801E7EDB-36A9-42A5-B334-FF6FD22D288F}.Release|Any CPU.Build.0 = Release|Any CPU
		{D79A4A2F-6613-40F3-8285-BD2558E107E7}.Debug|Any CPU.ActiveCfg = Debug|Any CPU
		{D79A4A2F-6613-40F3-8285-BD2558E107E7}.Debug|Any CPU.Build.0 = Debug|Any CPU
		{D79A4A2F-6613-40F3-8285-BD2558E107E7}.Release|Any CPU.ActiveCfg = Release|Any CPU
		{D79A4A2F-6613-40F3-8285-BD2558E107E7}.Release|Any CPU.Build.0 = Release|Any CPU
		{D5DCDC42-04C3-46EB-A699-D194EE2C1B2C}.Debug|Any CPU.ActiveCfg = Debug|Any CPU
		{D5DCDC42-04C3-46EB-A699-D194EE2C1B2C}.Debug|Any CPU.Build.0 = Debug|Any CPU
		{D5DCDC42-04C3-46EB-A699-D194EE2C1B2C}.Release|Any CPU.ActiveCfg = Release|Any CPU
		{D5DCDC42-04C3-46EB-A699-D194EE2C1B2C}.Release|Any CPU.Build.0 = Release|Any CPU
		{C213854D-D9C0-40FE-A0A9-686F9CA13963}.Debug|Any CPU.ActiveCfg = Debug|Any CPU
		{C213854D-D9C0-40FE-A0A9-686F9CA13963}.Debug|Any CPU.Build.0 = Debug|Any CPU
		{C213854D-D9C0-40FE-A0A9-686F9CA13963}.Release|Any CPU.ActiveCfg = Release|Any CPU
		{C213854D-D9C0-40FE-A0A9-686F9CA13963}.Release|Any CPU.Build.0 = Release|Any CPU
		{E11DD7DA-28ED-4F1F-A0E1-391449A9D09D}.Debug|Any CPU.ActiveCfg = Debug|Any CPU
		{E11DD7DA-28ED-4F1F-A0E1-391449A9D09D}.Debug|Any CPU.Build.0 = Debug|Any CPU
		{E11DD7DA-28ED-4F1F-A0E1-391449A9D09D}.Release|Any CPU.ActiveCfg = Release|Any CPU
		{E11DD7DA-28ED-4F1F-A0E1-391449A9D09D}.Release|Any CPU.Build.0 = Release|Any CPU
		{92D128BF-A886-4F0E-8E6F-DA1947ABC79C}.Debug|Any CPU.ActiveCfg = Debug|Any CPU
		{92D128BF-A886-4F0E-8E6F-DA1947ABC79C}.Debug|Any CPU.Build.0 = Debug|Any CPU
		{92D128BF-A886-4F0E-8E6F-DA1947ABC79C}.Release|Any CPU.ActiveCfg = Release|Any CPU
		{92D128BF-A886-4F0E-8E6F-DA1947ABC79C}.Release|Any CPU.Build.0 = Release|Any CPU
		{0AF1B882-AC7B-430F-B7FB-79C040DCB897}.Debug|Any CPU.ActiveCfg = Debug|Any CPU
		{0AF1B882-AC7B-430F-B7FB-79C040DCB897}.Debug|Any CPU.Build.0 = Debug|Any CPU
		{0AF1B882-AC7B-430F-B7FB-79C040DCB897}.Release|Any CPU.ActiveCfg = Release|Any CPU
		{0AF1B882-AC7B-430F-B7FB-79C040DCB897}.Release|Any CPU.Build.0 = Release|Any CPU
		{5E5A9881-096C-4DB3-87CF-42C7C328A1A1}.Debug|Any CPU.ActiveCfg = Debug|Any CPU
		{5E5A9881-096C-4DB3-87CF-42C7C328A1A1}.Debug|Any CPU.Build.0 = Debug|Any CPU
		{5E5A9881-096C-4DB3-87CF-42C7C328A1A1}.Release|Any CPU.ActiveCfg = Release|Any CPU
		{5E5A9881-096C-4DB3-87CF-42C7C328A1A1}.Release|Any CPU.Build.0 = Release|Any CPU
		{C89D1323-D93C-4D20-8095-36F553F08D80}.Debug|Any CPU.ActiveCfg = Debug|Any CPU
		{C89D1323-D93C-4D20-8095-36F553F08D80}.Debug|Any CPU.Build.0 = Debug|Any CPU
		{C89D1323-D93C-4D20-8095-36F553F08D80}.Release|Any CPU.ActiveCfg = Release|Any CPU
		{C89D1323-D93C-4D20-8095-36F553F08D80}.Release|Any CPU.Build.0 = Release|Any CPU
		{F9D65A68-C7C3-48F7-BDF5-9BBE526B238E}.Debug|Any CPU.ActiveCfg = Debug|Any CPU
		{F9D65A68-C7C3-48F7-BDF5-9BBE526B238E}.Debug|Any CPU.Build.0 = Debug|Any CPU
		{F9D65A68-C7C3-48F7-BDF5-9BBE526B238E}.Release|Any CPU.ActiveCfg = Release|Any CPU
		{F9D65A68-C7C3-48F7-BDF5-9BBE526B238E}.Release|Any CPU.Build.0 = Release|Any CPU
		{3529F5C7-AF0F-4287-A0B7-3D07098C9253}.Debug|Any CPU.ActiveCfg = Debug|Any CPU
		{3529F5C7-AF0F-4287-A0B7-3D07098C9253}.Debug|Any CPU.Build.0 = Debug|Any CPU
		{3529F5C7-AF0F-4287-A0B7-3D07098C9253}.Release|Any CPU.ActiveCfg = Release|Any CPU
		{3529F5C7-AF0F-4287-A0B7-3D07098C9253}.Release|Any CPU.Build.0 = Release|Any CPU
		{972A56D6-0588-403F-947E-DF304FDB3685}.Debug|Any CPU.ActiveCfg = Debug|Any CPU
		{972A56D6-0588-403F-947E-DF304FDB3685}.Debug|Any CPU.Build.0 = Debug|Any CPU
		{972A56D6-0588-403F-947E-DF304FDB3685}.Release|Any CPU.ActiveCfg = Release|Any CPU
		{972A56D6-0588-403F-947E-DF304FDB3685}.Release|Any CPU.Build.0 = Release|Any CPU
	EndGlobalSection
	GlobalSection(SolutionProperties) = preSolution
		HideSolutionNode = FALSE
	EndGlobalSection
	GlobalSection(ExtensibilityGlobals) = postSolution
		SolutionGuid = {3CC56E29-4DEF-47FC-8231-34EE4CAAFFB5}
	EndGlobalSection
EndGlobal
